// !$*UTF8*$!
{
	archiveVersion = 1;
	classes = {
	};
	objectVersion = 56;
	objects = {

/* Begin PBXBuildFile section */
		749B75772931A7260058F816 /* fake_location_appApp.swift in Sources */ = {isa = PBXBuildFile; fileRef = 749B75762931A7260058F816 /* fake_location_appApp.swift */; };
		749B757B2931A7290058F816 /* Assets.xcassets in Resources */ = {isa = PBXBuildFile; fileRef = 749B757A2931A7290058F816 /* Assets.xcassets */; };
		749B757E2931A7290058F816 /* Preview Assets.xcassets in Resources */ = {isa = PBXBuildFile; fileRef = 749B757D2931A7290058F816 /* Preview Assets.xcassets */; };
		749B75882931A72A0058F816 /* fake_location_appTests.swift in Sources */ = {isa = PBXBuildFile; fileRef = 749B75872931A72A0058F816 /* fake_location_appTests.swift */; };
		749B75922931A72A0058F816 /* fake_location_appUITests.swift in Sources */ = {isa = PBXBuildFile; fileRef = 749B75912931A72A0058F816 /* fake_location_appUITests.swift */; };
		749B75942931A72A0058F816 /* fake_location_appUITestsLaunchTests.swift in Sources */ = {isa = PBXBuildFile; fileRef = 749B75932931A72A0058F816 /* fake_location_appUITestsLaunchTests.swift */; };
		749B75A72931A7950058F816 /* LocationViewModel.swift in Sources */ = {isa = PBXBuildFile; fileRef = 749B75A02931A7930058F816 /* LocationViewModel.swift */; };
		749B75A82931A7950058F816 /* LocationSender.swift in Sources */ = {isa = PBXBuildFile; fileRef = 749B75A12931A7930058F816 /* LocationSender.swift */; };
		749B75AC2931A7950058F816 /* UIMapAddressGetView.swift in Sources */ = {isa = PBXBuildFile; fileRef = 749B75A52931A7950058F816 /* UIMapAddressGetView.swift */; };
		749B75AD2931A7950058F816 /* UserProfile.swift in Sources */ = {isa = PBXBuildFile; fileRef = 749B75A62931A7950058F816 /* UserProfile.swift */; };
		749B75B02931A9970058F816 /* FirebaseAppCheck in Frameworks */ = {isa = PBXBuildFile; productRef = 749B75AF2931A9970058F816 /* FirebaseAppCheck */; };
		749B75B22931A9970058F816 /* FirebaseAuth in Frameworks */ = {isa = PBXBuildFile; productRef = 749B75B12931A9970058F816 /* FirebaseAuth */; };
		749B75B42931A9970058F816 /* FirebaseFirestore in Frameworks */ = {isa = PBXBuildFile; productRef = 749B75B32931A9970058F816 /* FirebaseFirestore */; };
		749B75B62931AA450058F816 /* GoogleService-Info.plist in Resources */ = {isa = PBXBuildFile; fileRef = 749B75B52931AA440058F816 /* GoogleService-Info.plist */; };
		749B75B92931AB960058F816 /* FirebaseFirestoreCombine-Community in Frameworks */ = {isa = PBXBuildFile; productRef = 749B75B82931AB960058F816 /* FirebaseFirestoreCombine-Community */; };
		749B75BB2931AB960058F816 /* FirebaseFirestoreSwift in Frameworks */ = {isa = PBXBuildFile; productRef = 749B75BA2931AB960058F816 /* FirebaseFirestoreSwift */; };
		74DF8DC329457DAA00A0A0C5 /* ContentView.swift in Sources */ = {isa = PBXBuildFile; fileRef = 74DF8DC229457DAA00A0A0C5 /* ContentView.swift */; };
/* End PBXBuildFile section */

/* Begin PBXContainerItemProxy section */
		749B75842931A72A0058F816 /* PBXContainerItemProxy */ = {
			isa = PBXContainerItemProxy;
			containerPortal = 749B756B2931A7260058F816 /* Project object */;
			proxyType = 1;
			remoteGlobalIDString = 749B75722931A7260058F816;
			remoteInfo = "fake-location-app";
		};
		749B758E2931A72A0058F816 /* PBXContainerItemProxy */ = {
			isa = PBXContainerItemProxy;
			containerPortal = 749B756B2931A7260058F816 /* Project object */;
			proxyType = 1;
			remoteGlobalIDString = 749B75722931A7260058F816;
			remoteInfo = "fake-location-app";
		};
/* End PBXContainerItemProxy section */

/* Begin PBXFileReference section */
		749B75732931A7260058F816 /* fake-location-app.app */ = {isa = PBXFileReference; explicitFileType = wrapper.application; includeInIndex = 0; path = "fake-location-app.app"; sourceTree = BUILT_PRODUCTS_DIR; };
		749B75762931A7260058F816 /* fake_location_appApp.swift */ = {isa = PBXFileReference; lastKnownFileType = sourcecode.swift; path = fake_location_appApp.swift; sourceTree = "<group>"; };
		749B757A2931A7290058F816 /* Assets.xcassets */ = {isa = PBXFileReference; lastKnownFileType = folder.assetcatalog; path = Assets.xcassets; sourceTree = "<group>"; };
		749B757D2931A7290058F816 /* Preview Assets.xcassets */ = {isa = PBXFileReference; lastKnownFileType = folder.assetcatalog; path = "Preview Assets.xcassets"; sourceTree = "<group>"; };
		749B75832931A72A0058F816 /* fake-location-appTests.xctest */ = {isa = PBXFileReference; explicitFileType = wrapper.cfbundle; includeInIndex = 0; path = "fake-location-appTests.xctest"; sourceTree = BUILT_PRODUCTS_DIR; };
		749B75872931A72A0058F816 /* fake_location_appTests.swift */ = {isa = PBXFileReference; lastKnownFileType = sourcecode.swift; path = fake_location_appTests.swift; sourceTree = "<group>"; };
		749B758D2931A72A0058F816 /* fake-location-appUITests.xctest */ = {isa = PBXFileReference; explicitFileType = wrapper.cfbundle; includeInIndex = 0; path = "fake-location-appUITests.xctest"; sourceTree = BUILT_PRODUCTS_DIR; };
		749B75912931A72A0058F816 /* fake_location_appUITests.swift */ = {isa = PBXFileReference; lastKnownFileType = sourcecode.swift; path = fake_location_appUITests.swift; sourceTree = "<group>"; };
		749B75932931A72A0058F816 /* fake_location_appUITestsLaunchTests.swift */ = {isa = PBXFileReference; lastKnownFileType = sourcecode.swift; path = fake_location_appUITestsLaunchTests.swift; sourceTree = "<group>"; };
		749B75A02931A7930058F816 /* LocationViewModel.swift */ = {isa = PBXFileReference; fileEncoding = 4; lastKnownFileType = sourcecode.swift; path = LocationViewModel.swift; sourceTree = "<group>"; };
		749B75A12931A7930058F816 /* LocationSender.swift */ = {isa = PBXFileReference; fileEncoding = 4; lastKnownFileType = sourcecode.swift; path = LocationSender.swift; sourceTree = "<group>"; };
		749B75A42931A7950058F816 /* Info.plist */ = {isa = PBXFileReference; fileEncoding = 4; lastKnownFileType = text.plist.xml; path = Info.plist; sourceTree = "<group>"; };
		749B75A52931A7950058F816 /* UIMapAddressGetView.swift */ = {isa = PBXFileReference; fileEncoding = 4; lastKnownFileType = sourcecode.swift; path = UIMapAddressGetView.swift; sourceTree = "<group>"; };
		749B75A62931A7950058F816 /* UserProfile.swift */ = {isa = PBXFileReference; fileEncoding = 4; lastKnownFileType = sourcecode.swift; path = UserProfile.swift; sourceTree = "<group>"; };
		749B75B52931AA440058F816 /* GoogleService-Info.plist */ = {isa = PBXFileReference; fileEncoding = 4; lastKnownFileType = text.plist.xml; path = "GoogleService-Info.plist"; sourceTree = "<group>"; };
		74DF8DC229457DAA00A0A0C5 /* ContentView.swift */ = {isa = PBXFileReference; fileEncoding = 4; lastKnownFileType = sourcecode.swift; path = ContentView.swift; sourceTree = "<group>"; };
/* End PBXFileReference section */

/* Begin PBXFrameworksBuildPhase section */
		749B75702931A7260058F816 /* Frameworks */ = {
			isa = PBXFrameworksBuildPhase;
			buildActionMask = 2147483647;
			files = (
				749B75BB2931AB960058F816 /* FirebaseFirestoreSwift in Frameworks */,
				749B75B02931A9970058F816 /* FirebaseAppCheck in Frameworks */,
				749B75B92931AB960058F816 /* FirebaseFirestoreCombine-Community in Frameworks */,
				749B75B22931A9970058F816 /* FirebaseAuth in Frameworks */,
				749B75B42931A9970058F816 /* FirebaseFirestore in Frameworks */,
			);
			runOnlyForDeploymentPostprocessing = 0;
		};
		749B75802931A72A0058F816 /* Frameworks */ = {
			isa = PBXFrameworksBuildPhase;
			buildActionMask = 2147483647;
			files = (
			);
			runOnlyForDeploymentPostprocessing = 0;
		};
		749B758A2931A72A0058F816 /* Frameworks */ = {
			isa = PBXFrameworksBuildPhase;
			buildActionMask = 2147483647;
			files = (
			);
			runOnlyForDeploymentPostprocessing = 0;
		};
/* End PBXFrameworksBuildPhase section */

/* Begin PBXGroup section */
		749B756A2931A7260058F816 = {
			isa = PBXGroup;
			children = (
				749B75B52931AA440058F816 /* GoogleService-Info.plist */,
				749B75752931A7260058F816 /* fake-location-app */,
				749B75862931A72A0058F816 /* fake-location-appTests */,
				749B75902931A72A0058F816 /* fake-location-appUITests */,
				749B75742931A7260058F816 /* Products */,
				749B75B72931AB960058F816 /* Frameworks */,
			);
			sourceTree = "<group>";
		};
		749B75742931A7260058F816 /* Products */ = {
			isa = PBXGroup;
			children = (
				749B75732931A7260058F816 /* fake-location-app.app */,
				749B75832931A72A0058F816 /* fake-location-appTests.xctest */,
				749B758D2931A72A0058F816 /* fake-location-appUITests.xctest */,
			);
			name = Products;
			sourceTree = "<group>";
		};
		749B75752931A7260058F816 /* fake-location-app */ = {
			isa = PBXGroup;
			children = (
				74DF8DC229457DAA00A0A0C5 /* ContentView.swift */,
				749B75A42931A7950058F816 /* Info.plist */,
				749B75A12931A7930058F816 /* LocationSender.swift */,
				749B75A02931A7930058F816 /* LocationViewModel.swift */,
				749B75A52931A7950058F816 /* UIMapAddressGetView.swift */,
				749B75A62931A7950058F816 /* UserProfile.swift */,
				749B75762931A7260058F816 /* fake_location_appApp.swift */,
				749B757A2931A7290058F816 /* Assets.xcassets */,
				749B757C2931A7290058F816 /* Preview Content */,
			);
			path = "fake-location-app";
			sourceTree = "<group>";
		};
		749B757C2931A7290058F816 /* Preview Content */ = {
			isa = PBXGroup;
			children = (
				749B757D2931A7290058F816 /* Preview Assets.xcassets */,
			);
			path = "Preview Content";
			sourceTree = "<group>";
		};
		749B75862931A72A0058F816 /* fake-location-appTests */ = {
			isa = PBXGroup;
			children = (
				749B75872931A72A0058F816 /* fake_location_appTests.swift */,
			);
			path = "fake-location-appTests";
			sourceTree = "<group>";
		};
		749B75902931A72A0058F816 /* fake-location-appUITests */ = {
			isa = PBXGroup;
			children = (
				749B75912931A72A0058F816 /* fake_location_appUITests.swift */,
				749B75932931A72A0058F816 /* fake_location_appUITestsLaunchTests.swift */,
			);
			path = "fake-location-appUITests";
			sourceTree = "<group>";
		};
		749B75B72931AB960058F816 /* Frameworks */ = {
			isa = PBXGroup;
			children = (
			);
			name = Frameworks;
			sourceTree = "<group>";
		};
/* End PBXGroup section */

/* Begin PBXNativeTarget section */
		749B75722931A7260058F816 /* fake-location-app */ = {
			isa = PBXNativeTarget;
			buildConfigurationList = 749B75972931A72A0058F816 /* Build configuration list for PBXNativeTarget "fake-location-app" */;
			buildPhases = (
				749B75BC2931AC830058F816 /* swift-format */,
				749B756F2931A7260058F816 /* Sources */,
				749B75702931A7260058F816 /* Frameworks */,
				749B75712931A7260058F816 /* Resources */,
			);
			buildRules = (
			);
			dependencies = (
			);
			name = "fake-location-app";
			packageProductDependencies = (
				749B75AF2931A9970058F816 /* FirebaseAppCheck */,
				749B75B12931A9970058F816 /* FirebaseAuth */,
				749B75B32931A9970058F816 /* FirebaseFirestore */,
				749B75B82931AB960058F816 /* FirebaseFirestoreCombine-Community */,
				749B75BA2931AB960058F816 /* FirebaseFirestoreSwift */,
			);
			productName = "fake-location-app";
			productReference = 749B75732931A7260058F816 /* fake-location-app.app */;
			productType = "com.apple.product-type.application";
		};
		749B75822931A72A0058F816 /* fake-location-appTests */ = {
			isa = PBXNativeTarget;
			buildConfigurationList = 749B759A2931A72A0058F816 /* Build configuration list for PBXNativeTarget "fake-location-appTests" */;
			buildPhases = (
				749B757F2931A72A0058F816 /* Sources */,
				749B75802931A72A0058F816 /* Frameworks */,
				749B75812931A72A0058F816 /* Resources */,
			);
			buildRules = (
			);
			dependencies = (
				749B75852931A72A0058F816 /* PBXTargetDependency */,
			);
			name = "fake-location-appTests";
			productName = "fake-location-appTests";
			productReference = 749B75832931A72A0058F816 /* fake-location-appTests.xctest */;
			productType = "com.apple.product-type.bundle.unit-test";
		};
		749B758C2931A72A0058F816 /* fake-location-appUITests */ = {
			isa = PBXNativeTarget;
			buildConfigurationList = 749B759D2931A72A0058F816 /* Build configuration list for PBXNativeTarget "fake-location-appUITests" */;
			buildPhases = (
				749B75892931A72A0058F816 /* Sources */,
				749B758A2931A72A0058F816 /* Frameworks */,
				749B758B2931A72A0058F816 /* Resources */,
			);
			buildRules = (
			);
			dependencies = (
				749B758F2931A72A0058F816 /* PBXTargetDependency */,
			);
			name = "fake-location-appUITests";
			productName = "fake-location-appUITests";
			productReference = 749B758D2931A72A0058F816 /* fake-location-appUITests.xctest */;
			productType = "com.apple.product-type.bundle.ui-testing";
		};
/* End PBXNativeTarget section */

/* Begin PBXProject section */
		749B756B2931A7260058F816 /* Project object */ = {
			isa = PBXProject;
			attributes = {
				BuildIndependentTargetsInParallel = 1;
				LastSwiftUpdateCheck = 1410;
				LastUpgradeCheck = 1410;
				TargetAttributes = {
					749B75722931A7260058F816 = {
						CreatedOnToolsVersion = 14.1;
					};
					749B75822931A72A0058F816 = {
						CreatedOnToolsVersion = 14.1;
						TestTargetID = 749B75722931A7260058F816;
					};
					749B758C2931A72A0058F816 = {
						CreatedOnToolsVersion = 14.1;
						TestTargetID = 749B75722931A7260058F816;
					};
				};
			};
			buildConfigurationList = 749B756E2931A7260058F816 /* Build configuration list for PBXProject "fake-location-app" */;
			compatibilityVersion = "Xcode 14.0";
			developmentRegion = en;
			hasScannedForEncodings = 0;
			knownRegions = (
				en,
				Base,
			);
			mainGroup = 749B756A2931A7260058F816;
			packageReferences = (
				749B75AE2931A9970058F816 /* XCRemoteSwiftPackageReference "firebase-ios-sdk" */,
			);
			productRefGroup = 749B75742931A7260058F816 /* Products */;
			projectDirPath = "";
			projectRoot = "";
			targets = (
				749B75722931A7260058F816 /* fake-location-app */,
				749B75822931A72A0058F816 /* fake-location-appTests */,
				749B758C2931A72A0058F816 /* fake-location-appUITests */,
			);
		};
/* End PBXProject section */

/* Begin PBXResourcesBuildPhase section */
		749B75712931A7260058F816 /* Resources */ = {
			isa = PBXResourcesBuildPhase;
			buildActionMask = 2147483647;
			files = (
				749B757E2931A7290058F816 /* Preview Assets.xcassets in Resources */,
				749B75B62931AA450058F816 /* GoogleService-Info.plist in Resources */,
				749B757B2931A7290058F816 /* Assets.xcassets in Resources */,
			);
			runOnlyForDeploymentPostprocessing = 0;
		};
		749B75812931A72A0058F816 /* Resources */ = {
			isa = PBXResourcesBuildPhase;
			buildActionMask = 2147483647;
			files = (
			);
			runOnlyForDeploymentPostprocessing = 0;
		};
		749B758B2931A72A0058F816 /* Resources */ = {
			isa = PBXResourcesBuildPhase;
			buildActionMask = 2147483647;
			files = (
			);
			runOnlyForDeploymentPostprocessing = 0;
		};
/* End PBXResourcesBuildPhase section */

/* Begin PBXShellScriptBuildPhase section */
		749B75BC2931AC830058F816 /* swift-format */ = {
			isa = PBXShellScriptBuildPhase;
			alwaysOutOfDate = 1;
			buildActionMask = 2147483647;
			files = (
			);
			inputFileListPaths = (
			);
			inputPaths = (
			);
			name = "swift-format";
			outputFileListPaths = (
			);
			outputPaths = (
			);
			runOnlyForDeploymentPostprocessing = 0;
			shellPath = /bin/sh;
			shellScript = "# Type a script or drag a script file from your workspace to insert its path.\ncd $PROJECT_DIR\nswift-format -r . -i\n";
		};
/* End PBXShellScriptBuildPhase section */

/* Begin PBXSourcesBuildPhase section */
		749B756F2931A7260058F816 /* Sources */ = {
			isa = PBXSourcesBuildPhase;
			buildActionMask = 2147483647;
			files = (
				749B75A82931A7950058F816 /* LocationSender.swift in Sources */,
				74DF8DC329457DAA00A0A0C5 /* ContentView.swift in Sources */,
				749B75AD2931A7950058F816 /* UserProfile.swift in Sources */,
				749B75A72931A7950058F816 /* LocationViewModel.swift in Sources */,
				749B75772931A7260058F816 /* fake_location_appApp.swift in Sources */,
				749B75AC2931A7950058F816 /* UIMapAddressGetView.swift in Sources */,
			);
			runOnlyForDeploymentPostprocessing = 0;
		};
		749B757F2931A72A0058F816 /* Sources */ = {
			isa = PBXSourcesBuildPhase;
			buildActionMask = 2147483647;
			files = (
				749B75882931A72A0058F816 /* fake_location_appTests.swift in Sources */,
			);
			runOnlyForDeploymentPostprocessing = 0;
		};
		749B75892931A72A0058F816 /* Sources */ = {
			isa = PBXSourcesBuildPhase;
			buildActionMask = 2147483647;
			files = (
				749B75942931A72A0058F816 /* fake_location_appUITestsLaunchTests.swift in Sources */,
				749B75922931A72A0058F816 /* fake_location_appUITests.swift in Sources */,
			);
			runOnlyForDeploymentPostprocessing = 0;
		};
/* End PBXSourcesBuildPhase section */

/* Begin PBXTargetDependency section */
		749B75852931A72A0058F816 /* PBXTargetDependency */ = {
			isa = PBXTargetDependency;
			target = 749B75722931A7260058F816 /* fake-location-app */;
			targetProxy = 749B75842931A72A0058F816 /* PBXContainerItemProxy */;
		};
		749B758F2931A72A0058F816 /* PBXTargetDependency */ = {
			isa = PBXTargetDependency;
			target = 749B75722931A7260058F816 /* fake-location-app */;
			targetProxy = 749B758E2931A72A0058F816 /* PBXContainerItemProxy */;
		};
/* End PBXTargetDependency section */

/* Begin XCBuildConfiguration section */
		749B75952931A72A0058F816 /* Debug */ = {
			isa = XCBuildConfiguration;
			buildSettings = {
				ALWAYS_SEARCH_USER_PATHS = NO;
				CLANG_ANALYZER_NONNULL = YES;
				CLANG_ANALYZER_NUMBER_OBJECT_CONVERSION = YES_AGGRESSIVE;
				CLANG_CXX_LANGUAGE_STANDARD = "gnu++20";
				CLANG_ENABLE_MODULES = YES;
				CLANG_ENABLE_OBJC_ARC = YES;
				CLANG_ENABLE_OBJC_WEAK = YES;
				CLANG_WARN_BLOCK_CAPTURE_AUTORELEASING = YES;
				CLANG_WARN_BOOL_CONVERSION = YES;
				CLANG_WARN_COMMA = YES;
				CLANG_WARN_CONSTANT_CONVERSION = YES;
				CLANG_WARN_DEPRECATED_OBJC_IMPLEMENTATIONS = YES;
				CLANG_WARN_DIRECT_OBJC_ISA_USAGE = YES_ERROR;
				CLANG_WARN_DOCUMENTATION_COMMENTS = YES;
				CLANG_WARN_EMPTY_BODY = YES;
				CLANG_WARN_ENUM_CONVERSION = YES;
				CLANG_WARN_INFINITE_RECURSION = YES;
				CLANG_WARN_INT_CONVERSION = YES;
				CLANG_WARN_NON_LITERAL_NULL_CONVERSION = YES;
				CLANG_WARN_OBJC_IMPLICIT_RETAIN_SELF = YES;
				CLANG_WARN_OBJC_LITERAL_CONVERSION = YES;
				CLANG_WARN_OBJC_ROOT_CLASS = YES_ERROR;
				CLANG_WARN_QUOTED_INCLUDE_IN_FRAMEWORK_HEADER = YES;
				CLANG_WARN_RANGE_LOOP_ANALYSIS = YES;
				CLANG_WARN_STRICT_PROTOTYPES = YES;
				CLANG_WARN_SUSPICIOUS_MOVE = YES;
				CLANG_WARN_UNGUARDED_AVAILABILITY = YES_AGGRESSIVE;
				CLANG_WARN_UNREACHABLE_CODE = YES;
				CLANG_WARN__DUPLICATE_METHOD_MATCH = YES;
				COPY_PHASE_STRIP = NO;
				DEBUG_INFORMATION_FORMAT = dwarf;
				ENABLE_STRICT_OBJC_MSGSEND = YES;
				ENABLE_TESTABILITY = YES;
				GCC_C_LANGUAGE_STANDARD = gnu11;
				GCC_DYNAMIC_NO_PIC = NO;
				GCC_NO_COMMON_BLOCKS = YES;
				GCC_OPTIMIZATION_LEVEL = 0;
				GCC_PREPROCESSOR_DEFINITIONS = (
					"DEBUG=1",
					"$(inherited)",
				);
				GCC_WARN_64_TO_32_BIT_CONVERSION = YES;
				GCC_WARN_ABOUT_RETURN_TYPE = YES_ERROR;
				GCC_WARN_UNDECLARED_SELECTOR = YES;
				GCC_WARN_UNINITIALIZED_AUTOS = YES_AGGRESSIVE;
				GCC_WARN_UNUSED_FUNCTION = YES;
				GCC_WARN_UNUSED_VARIABLE = YES;
				IPHONEOS_DEPLOYMENT_TARGET = 16.1;
				MTL_ENABLE_DEBUG_INFO = INCLUDE_SOURCE;
				MTL_FAST_MATH = YES;
				ONLY_ACTIVE_ARCH = YES;
				SDKROOT = iphoneos;
				SWIFT_ACTIVE_COMPILATION_CONDITIONS = DEBUG;
				SWIFT_OPTIMIZATION_LEVEL = "-Onone";
			};
			name = Debug;
		};
		749B75962931A72A0058F816 /* Release */ = {
			isa = XCBuildConfiguration;
			buildSettings = {
				ALWAYS_SEARCH_USER_PATHS = NO;
				CLANG_ANALYZER_NONNULL = YES;
				CLANG_ANALYZER_NUMBER_OBJECT_CONVERSION = YES_AGGRESSIVE;
				CLANG_CXX_LANGUAGE_STANDARD = "gnu++20";
				CLANG_ENABLE_MODULES = YES;
				CLANG_ENABLE_OBJC_ARC = YES;
				CLANG_ENABLE_OBJC_WEAK = YES;
				CLANG_WARN_BLOCK_CAPTURE_AUTORELEASING = YES;
				CLANG_WARN_BOOL_CONVERSION = YES;
				CLANG_WARN_COMMA = YES;
				CLANG_WARN_CONSTANT_CONVERSION = YES;
				CLANG_WARN_DEPRECATED_OBJC_IMPLEMENTATIONS = YES;
				CLANG_WARN_DIRECT_OBJC_ISA_USAGE = YES_ERROR;
				CLANG_WARN_DOCUMENTATION_COMMENTS = YES;
				CLANG_WARN_EMPTY_BODY = YES;
				CLANG_WARN_ENUM_CONVERSION = YES;
				CLANG_WARN_INFINITE_RECURSION = YES;
				CLANG_WARN_INT_CONVERSION = YES;
				CLANG_WARN_NON_LITERAL_NULL_CONVERSION = YES;
				CLANG_WARN_OBJC_IMPLICIT_RETAIN_SELF = YES;
				CLANG_WARN_OBJC_LITERAL_CONVERSION = YES;
				CLANG_WARN_OBJC_ROOT_CLASS = YES_ERROR;
				CLANG_WARN_QUOTED_INCLUDE_IN_FRAMEWORK_HEADER = YES;
				CLANG_WARN_RANGE_LOOP_ANALYSIS = YES;
				CLANG_WARN_STRICT_PROTOTYPES = YES;
				CLANG_WARN_SUSPICIOUS_MOVE = YES;
				CLANG_WARN_UNGUARDED_AVAILABILITY = YES_AGGRESSIVE;
				CLANG_WARN_UNREACHABLE_CODE = YES;
				CLANG_WARN__DUPLICATE_METHOD_MATCH = YES;
				COPY_PHASE_STRIP = NO;
				DEBUG_INFORMATION_FORMAT = "dwarf-with-dsym";
				ENABLE_NS_ASSERTIONS = NO;
				ENABLE_STRICT_OBJC_MSGSEND = YES;
				GCC_C_LANGUAGE_STANDARD = gnu11;
				GCC_NO_COMMON_BLOCKS = YES;
				GCC_WARN_64_TO_32_BIT_CONVERSION = YES;
				GCC_WARN_ABOUT_RETURN_TYPE = YES_ERROR;
				GCC_WARN_UNDECLARED_SELECTOR = YES;
				GCC_WARN_UNINITIALIZED_AUTOS = YES_AGGRESSIVE;
				GCC_WARN_UNUSED_FUNCTION = YES;
				GCC_WARN_UNUSED_VARIABLE = YES;
				IPHONEOS_DEPLOYMENT_TARGET = 16.1;
				MTL_ENABLE_DEBUG_INFO = NO;
				MTL_FAST_MATH = YES;
				SDKROOT = iphoneos;
				SWIFT_COMPILATION_MODE = wholemodule;
				SWIFT_OPTIMIZATION_LEVEL = "-O";
				VALIDATE_PRODUCT = YES;
			};
			name = Release;
		};
		749B75982931A72A0058F816 /* Debug */ = {
			isa = XCBuildConfiguration;
			buildSettings = {
				ASSETCATALOG_COMPILER_APPICON_NAME = AppIcon;
				ASSETCATALOG_COMPILER_GLOBAL_ACCENT_COLOR_NAME = AccentColor;
				"CODE_SIGN_IDENTITY[sdk=iphoneos*]" = "iPhone Distribution";
				CODE_SIGN_STYLE = Manual;
				CURRENT_PROJECT_VERSION = 1;
				DEVELOPMENT_ASSET_PATHS = "\"fake-location-app/Preview Content\"";
				DEVELOPMENT_TEAM = "";
				"DEVELOPMENT_TEAM[sdk=iphoneos*]" = 523M9RF33S;
				ENABLE_PREVIEWS = YES;
				GENERATE_INFOPLIST_FILE = YES;
				INFOPLIST_FILE = "fake-location-app/Info.plist";
				INFOPLIST_KEY_NSLocationAlwaysAndWhenInUseUsageDescription = "位置情報は、地図上での位置の表示に使用されます。";
				INFOPLIST_KEY_NSLocationWhenInUseUsageDescription = "位置情報は、地図上での位置の表示に使用されます。";
				INFOPLIST_KEY_UIApplicationSceneManifest_Generation = YES;
				INFOPLIST_KEY_UIApplicationSupportsIndirectInputEvents = YES;
				INFOPLIST_KEY_UILaunchScreen_Generation = YES;
				INFOPLIST_KEY_UISupportedInterfaceOrientations_iPad = "UIInterfaceOrientationPortrait UIInterfaceOrientationPortraitUpsideDown UIInterfaceOrientationLandscapeLeft UIInterfaceOrientationLandscapeRight";
				INFOPLIST_KEY_UISupportedInterfaceOrientations_iPhone = "UIInterfaceOrientationPortrait UIInterfaceOrientationLandscapeLeft UIInterfaceOrientationLandscapeRight";
				LD_RUNPATH_SEARCH_PATHS = (
					"$(inherited)",
					"@executable_path/Frameworks",
				);
				MARKETING_VERSION = 1.0;
				PRODUCT_BUNDLE_IDENTIFIER = "com.example.fake-location-app";
				PRODUCT_NAME = "$(TARGET_NAME)";
				PROVISIONING_PROFILE_SPECIFIER = "";
				"PROVISIONING_PROFILE_SPECIFIER[sdk=iphoneos*]" = "fake-location-app";
				SWIFT_EMIT_LOC_STRINGS = YES;
				SWIFT_VERSION = 5.0;
				TARGETED_DEVICE_FAMILY = "1,2";
			};
			name = Debug;
		};
		749B75992931A72A0058F816 /* Release */ = {
			isa = XCBuildConfiguration;
			buildSettings = {
				ASSETCATALOG_COMPILER_APPICON_NAME = AppIcon;
				ASSETCATALOG_COMPILER_GLOBAL_ACCENT_COLOR_NAME = AccentColor;
				"CODE_SIGN_IDENTITY[sdk=iphoneos*]" = "iPhone Distribution";
				CODE_SIGN_STYLE = Manual;
				CURRENT_PROJECT_VERSION = 1;
				DEVELOPMENT_ASSET_PATHS = "\"fake-location-app/Preview Content\"";
				DEVELOPMENT_TEAM = "";
				"DEVELOPMENT_TEAM[sdk=iphoneos*]" = 523M9RF33S;
				ENABLE_PREVIEWS = YES;
				GENERATE_INFOPLIST_FILE = YES;
				INFOPLIST_FILE = "fake-location-app/Info.plist";
				INFOPLIST_KEY_NSLocationAlwaysAndWhenInUseUsageDescription = "位置情報は、地図上での位置の表示に使用されます。";
				INFOPLIST_KEY_NSLocationWhenInUseUsageDescription = "位置情報は、地図上での位置の表示に使用されます。";
				INFOPLIST_KEY_UIApplicationSceneManifest_Generation = YES;
				INFOPLIST_KEY_UIApplicationSupportsIndirectInputEvents = YES;
				INFOPLIST_KEY_UILaunchScreen_Generation = YES;
				INFOPLIST_KEY_UISupportedInterfaceOrientations_iPad = "UIInterfaceOrientationPortrait UIInterfaceOrientationPortraitUpsideDown UIInterfaceOrientationLandscapeLeft UIInterfaceOrientationLandscapeRight";
				INFOPLIST_KEY_UISupportedInterfaceOrientations_iPhone = "UIInterfaceOrientationPortrait UIInterfaceOrientationLandscapeLeft UIInterfaceOrientationLandscapeRight";
				LD_RUNPATH_SEARCH_PATHS = (
					"$(inherited)",
					"@executable_path/Frameworks",
				);
				MARKETING_VERSION = 1.0;
				PRODUCT_BUNDLE_IDENTIFIER = "com.example.fake-location-app";
				PRODUCT_NAME = "$(TARGET_NAME)";
				PROVISIONING_PROFILE_SPECIFIER = "";
				"PROVISIONING_PROFILE_SPECIFIER[sdk=iphoneos*]" = "fake-location-app";
				SWIFT_EMIT_LOC_STRINGS = YES;
				SWIFT_VERSION = 5.0;
				TARGETED_DEVICE_FAMILY = "1,2";
			};
			name = Release;
		};
		749B759B2931A72A0058F816 /* Debug */ = {
			isa = XCBuildConfiguration;
			buildSettings = {
				ALWAYS_EMBED_SWIFT_STANDARD_LIBRARIES = YES;
				BUNDLE_LOADER = "$(TEST_HOST)";
				CODE_SIGN_STYLE = Automatic;
				CURRENT_PROJECT_VERSION = 1;
				DEVELOPMENT_TEAM = "";
				GENERATE_INFOPLIST_FILE = YES;
				IPHONEOS_DEPLOYMENT_TARGET = 16.1;
				MARKETING_VERSION = 1.0;
				PRODUCT_BUNDLE_IDENTIFIER = "com.example.fake-location-appTests";
				PRODUCT_NAME = "$(TARGET_NAME)";
				SWIFT_EMIT_LOC_STRINGS = NO;
				SWIFT_VERSION = 5.0;
				TARGETED_DEVICE_FAMILY = "1,2";
				TEST_HOST = "$(BUILT_PRODUCTS_DIR)/fake-location-app.app/$(BUNDLE_EXECUTABLE_FOLDER_PATH)/fake-location-app";
			};
			name = Debug;
		};
		749B759C2931A72A0058F816 /* Release */ = {
			isa = XCBuildConfiguration;
			buildSettings = {
				ALWAYS_EMBED_SWIFT_STANDARD_LIBRARIES = YES;
				BUNDLE_LOADER = "$(TEST_HOST)";
				CODE_SIGN_STYLE = Automatic;
				CURRENT_PROJECT_VERSION = 1;
				DEVELOPMENT_TEAM = "";
				GENERATE_INFOPLIST_FILE = YES;
				IPHONEOS_DEPLOYMENT_TARGET = 16.1;
				MARKETING_VERSION = 1.0;
				PRODUCT_BUNDLE_IDENTIFIER = "com.example.fake-location-appTests";
				PRODUCT_NAME = "$(TARGET_NAME)";
				SWIFT_EMIT_LOC_STRINGS = NO;
				SWIFT_VERSION = 5.0;
				TARGETED_DEVICE_FAMILY = "1,2";
				TEST_HOST = "$(BUILT_PRODUCTS_DIR)/fake-location-app.app/$(BUNDLE_EXECUTABLE_FOLDER_PATH)/fake-location-app";
			};
			name = Release;
		};
		749B759E2931A72A0058F816 /* Debug */ = {
			isa = XCBuildConfiguration;
			buildSettings = {
				ALWAYS_EMBED_SWIFT_STANDARD_LIBRARIES = YES;
				CODE_SIGN_STYLE = Automatic;
				CURRENT_PROJECT_VERSION = 1;
				DEVELOPMENT_TEAM = "";
				GENERATE_INFOPLIST_FILE = YES;
				MARKETING_VERSION = 1.0;
				PRODUCT_BUNDLE_IDENTIFIER = "com.example.fake-location-appUITests";
				PRODUCT_NAME = "$(TARGET_NAME)";
				SWIFT_EMIT_LOC_STRINGS = NO;
				SWIFT_VERSION = 5.0;
				TARGETED_DEVICE_FAMILY = "1,2";
				TEST_TARGET_NAME = "fake-location-app";
			};
			name = Debug;
		};
		749B759F2931A72A0058F816 /* Release */ = {
			isa = XCBuildConfiguration;
			buildSettings = {
				ALWAYS_EMBED_SWIFT_STANDARD_LIBRARIES = YES;
				CODE_SIGN_STYLE = Automatic;
				CURRENT_PROJECT_VERSION = 1;
				DEVELOPMENT_TEAM = "";
				GENERATE_INFOPLIST_FILE = YES;
				MARKETING_VERSION = 1.0;
				PRODUCT_BUNDLE_IDENTIFIER = "com.example.fake-location-appUITests";
				PRODUCT_NAME = "$(TARGET_NAME)";
				SWIFT_EMIT_LOC_STRINGS = NO;
				SWIFT_VERSION = 5.0;
				TARGETED_DEVICE_FAMILY = "1,2";
				TEST_TARGET_NAME = "fake-location-app";
			};
			name = Release;
		};
/* End XCBuildConfiguration section */

/* Begin XCConfigurationList section */
		749B756E2931A7260058F816 /* Build configuration list for PBXProject "fake-location-app" */ = {
			isa = XCConfigurationList;
			buildConfigurations = (
				749B75952931A72A0058F816 /* Debug */,
				749B75962931A72A0058F816 /* Release */,
			);
			defaultConfigurationIsVisible = 0;
			defaultConfigurationName = Release;
		};
		749B75972931A72A0058F816 /* Build configuration list for PBXNativeTarget "fake-location-app" */ = {
			isa = XCConfigurationList;
			buildConfigurations = (
				749B75982931A72A0058F816 /* Debug */,
				749B75992931A72A0058F816 /* Release */,
			);
			defaultConfigurationIsVisible = 0;
			defaultConfigurationName = Release;
		};
		749B759A2931A72A0058F816 /* Build configuration list for PBXNativeTarget "fake-location-appTests" */ = {
			isa = XCConfigurationList;
			buildConfigurations = (
				749B759B2931A72A0058F816 /* Debug */,
				749B759C2931A72A0058F816 /* Release */,
			);
			defaultConfigurationIsVisible = 0;
			defaultConfigurationName = Release;
		};
		749B759D2931A72A0058F816 /* Build configuration list for PBXNativeTarget "fake-location-appUITests" */ = {
			isa = XCConfigurationList;
			buildConfigurations = (
				749B759E2931A72A0058F816 /* Debug */,
				749B759F2931A72A0058F816 /* Release */,
			);
			defaultConfigurationIsVisible = 0;
			defaultConfigurationName = Release;
		};
/* End XCConfigurationList section */

/* Begin XCRemoteSwiftPackageReference section */
		749B75AE2931A9970058F816 /* XCRemoteSwiftPackageReference "firebase-ios-sdk" */ = {
			isa = XCRemoteSwiftPackageReference;
			repositoryURL = "https://github.com/firebase/firebase-ios-sdk";
			requirement = {
				kind = versionRange;
				maximumVersion = 11.0.0;
				minimumVersion = 9.0.0;
			};
		};
/* End XCRemoteSwiftPackageReference section */

/* Begin XCSwiftPackageProductDependency section */
		749B75AF2931A9970058F816 /* FirebaseAppCheck */ = {
			isa = XCSwiftPackageProductDependency;
			package = 749B75AE2931A9970058F816 /* XCRemoteSwiftPackageReference "firebase-ios-sdk" */;
			productName = FirebaseAppCheck;
		};
		749B75B12931A9970058F816 /* FirebaseAuth */ = {
			isa = XCSwiftPackageProductDependency;
			package = 749B75AE2931A9970058F816 /* XCRemoteSwiftPackageReference "firebase-ios-sdk" */;
			productName = FirebaseAuth;
		};
		749B75B32931A9970058F816 /* FirebaseFirestore */ = {
			isa = XCSwiftPackageProductDependency;
			package = 749B75AE2931A9970058F816 /* XCRemoteSwiftPackageReference "firebase-ios-sdk" */;
			productName = FirebaseFirestore;
		};
		749B75B82931AB960058F816 /* FirebaseFirestoreCombine-Community */ = {
			isa = XCSwiftPackageProductDependency;
			package = 749B75AE2931A9970058F816 /* XCRemoteSwiftPackageReference "firebase-ios-sdk" */;
			productName = "FirebaseFirestoreCombine-Community";
		};
		749B75BA2931AB960058F816 /* FirebaseFirestoreSwift */ = {
			isa = XCSwiftPackageProductDependency;
			package = 749B75AE2931A9970058F816 /* XCRemoteSwiftPackageReference "firebase-ios-sdk" */;
			productName = FirebaseFirestoreSwift;
		};
/* End XCSwiftPackageProductDependency section */
	};
	rootObject = 749B756B2931A7260058F816 /* Project object */;
}
